<?xml version="1.0" encoding="utf-8"?>
<Project ToolsVersion="4.0" xmlns="http://schemas.microsoft.com/developer/msbuild/2003">
  <ItemGroup>
    <ClCompile Include="main.cpp" />
    <ClCompile Include="shared\random_generator.cpp">
      <Filter>shared</Filter>
    </ClCompile>
    <ClCompile Include="shared\ray.cpp">
      <Filter>shared</Filter>
    </ClCompile>
    <ClCompile Include="shared\transform.cpp">
      <Filter>shared</Filter>
    </ClCompile>
    <ClCompile Include="filters\box_filter.cpp">
      <Filter>filters</Filter>
    </ClCompile>
    <ClCompile Include="cameras\film.cpp">
      <Filter>cameras</Filter>
    </ClCompile>
    <ClCompile Include="filters\filters.cpp">
      <Filter>filters</Filter>
    </ClCompile>
    <ClCompile Include="shared\spectrums\color_spectrum.cpp">
      <Filter>shared\spectrums</Filter>
    </ClCompile>
    <ClCompile Include="cameras\camera.cpp">
      <Filter>cameras</Filter>
    </ClCompile>
    <ClCompile Include="cameras\perspective_camera.cpp">
      <Filter>cameras</Filter>
    </ClCompile>
    <ClCompile Include="scatterings\fresnel_effect.cpp">
      <Filter>scatterings</Filter>
    </ClCompile>
    <ClCompile Include="scatterings\scattering_function.cpp">
      <Filter>scatterings</Filter>
    </ClCompile>
    <ClCompile Include="scatterings\scattering_function_collection.cpp">
      <Filter>scatterings</Filter>
    </ClCompile>
    <ClCompile Include="materials\material.cpp">
      <Filter>materials</Filter>
    </ClCompile>
    <ClCompile Include="shared\interactions\interaction.cpp">
      <Filter>shared\interactions</Filter>
    </ClCompile>
    <ClCompile Include="shared\interactions\surface_interaction.cpp">
      <Filter>shared\interactions</Filter>
    </ClCompile>
    <ClCompile Include="shared\coordinate_system.cpp">
      <Filter>shared</Filter>
    </ClCompile>
    <ClCompile Include="lights\light.cpp">
      <Filter>lights</Filter>
    </ClCompile>
    <ClCompile Include="scenes\scene.cpp">
      <Filter>scenes</Filter>
    </ClCompile>
    <ClCompile Include="integrators\integrator.cpp">
      <Filter>integrators</Filter>
    </ClCompile>
    <ClCompile Include="lights\point_light.cpp">
      <Filter>lights</Filter>
    </ClCompile>
    <ClCompile Include="shared\sample_function.cpp">
      <Filter>shared</Filter>
    </ClCompile>
    <ClCompile Include="scatterings\reflection\specular_reflection.cpp">
      <Filter>scatterings\reflection</Filter>
    </ClCompile>
    <ClCompile Include="scatterings\reflection\lambertian_reflection.cpp">
      <Filter>scatterings\reflection</Filter>
    </ClCompile>
    <ClCompile Include="scatterings\reflection\reflection_function.cpp">
      <Filter>scatterings\reflection</Filter>
    </ClCompile>
    <ClCompile Include="shapes\shape.cpp">
      <Filter>shapes</Filter>
    </ClCompile>
    <ClCompile Include="shapes\sphere.cpp">
      <Filter>shapes</Filter>
    </ClCompile>
    <ClCompile Include="shared\utilities.cpp">
      <Filter>shared</Filter>
    </ClCompile>
    <ClCompile Include="integrators\whitted_integrator.cpp">
      <Filter>integrators</Filter>
    </ClCompile>
    <ClCompile Include="scatterings\reflection\oren_nayar_reflection.cpp">
      <Filter>scatterings\reflection</Filter>
    </ClCompile>
    <ClCompile Include="materials\matte_material.cpp">
      <Filter>materials</Filter>
    </ClCompile>
    <ClCompile Include="shapes\disk.cpp">
      <Filter>shapes</Filter>
    </ClCompile>
    <ClCompile Include="materials\mirror_material.cpp">
      <Filter>materials</Filter>
    </ClCompile>
    <ClCompile Include="scatterings\distribution\microfacet_distribution.cpp">
      <Filter>scatterings\distribution</Filter>
    </ClCompile>
    <ClCompile Include="scatterings\distribution\trowbridge_reitz_distribution.cpp">
      <Filter>scatterings\distribution</Filter>
    </ClCompile>
    <ClCompile Include="scatterings\reflection\microfacet_reflection.cpp">
      <Filter>scatterings\reflection</Filter>
    </ClCompile>
    <ClCompile Include="materials\plastic_material.cpp">
      <Filter>materials</Filter>
    </ClCompile>
  </ItemGroup>
  <ItemGroup>
    <Filter Include="shared">
      <UniqueIdentifier>{68406566-35f5-4a21-95e5-c9a6c3040bcb}</UniqueIdentifier>
    </Filter>
    <Filter Include="shared\math">
      <UniqueIdentifier>{437d0ffe-56c8-490a-a09b-4242e21558fb}</UniqueIdentifier>
    </Filter>
    <Filter Include="shared\math\detail">
      <UniqueIdentifier>{c5e3705d-69ec-4d8e-898d-484ab10eea25}</UniqueIdentifier>
    </Filter>
    <Filter Include="samplers">
      <UniqueIdentifier>{23cd9ec0-199a-44c0-9107-997ccaa01a2f}</UniqueIdentifier>
    </Filter>
    <Filter Include="interfaces">
      <UniqueIdentifier>{00470fd9-5e6b-4ad3-97d0-28f761984a8e}</UniqueIdentifier>
    </Filter>
    <Filter Include="samplers\detail">
      <UniqueIdentifier>{6da867b0-bcd1-44de-8639-ae0ee93d0deb}</UniqueIdentifier>
    </Filter>
    <Filter Include="cameras">
      <UniqueIdentifier>{f1cc373e-4dbc-46dd-8861-70d926c7591b}</UniqueIdentifier>
    </Filter>
    <Filter Include="shapes">
      <UniqueIdentifier>{bef20d05-8953-4330-8d06-5918d87292d2}</UniqueIdentifier>
    </Filter>
    <Filter Include="shared\interactions">
      <UniqueIdentifier>{81a45a8c-6835-4840-9584-5f32d1464ac2}</UniqueIdentifier>
    </Filter>
    <Filter Include="filters">
      <UniqueIdentifier>{4296cdab-c7a7-4310-9013-179dd767e388}</UniqueIdentifier>
    </Filter>
    <Filter Include="shared\spectrums">
      <UniqueIdentifier>{63899b78-d62b-46e8-9ade-642a34c0ef57}</UniqueIdentifier>
    </Filter>
    <Filter Include="shared\spectrums\detail">
      <UniqueIdentifier>{a29c2d7b-d25a-4910-a187-6c154ed85186}</UniqueIdentifier>
    </Filter>
    <Filter Include="scatterings">
      <UniqueIdentifier>{a458ed2b-2686-4cc8-a284-421bd934e878}</UniqueIdentifier>
    </Filter>
    <Filter Include="textures">
      <UniqueIdentifier>{40cc93db-9f48-45a2-bd51-a516f2c42d97}</UniqueIdentifier>
    </Filter>
    <Filter Include="textures\detail">
      <UniqueIdentifier>{d39d695b-3d22-4b56-abbf-b9e0b27d13a3}</UniqueIdentifier>
    </Filter>
    <Filter Include="materials">
      <UniqueIdentifier>{44899b26-6080-4285-84fb-9d9b6b3bf68a}</UniqueIdentifier>
    </Filter>
    <Filter Include="lights">
      <UniqueIdentifier>{94850188-323c-4859-a899-b01d1fc04ccd}</UniqueIdentifier>
    </Filter>
    <Filter Include="scenes">
      <UniqueIdentifier>{5202a928-f33d-4d56-88cf-6eb7347b9c27}</UniqueIdentifier>
    </Filter>
    <Filter Include="integrators">
      <UniqueIdentifier>{5b87df69-a9a7-4bad-81f3-15323fdfcb8b}</UniqueIdentifier>
    </Filter>
    <Filter Include="scatterings\reflection">
      <UniqueIdentifier>{0234b703-6fb1-4ed4-83a1-cd828dbab630}</UniqueIdentifier>
    </Filter>
    <Filter Include="scatterings\transmission">
      <UniqueIdentifier>{3d491539-65d0-4297-9e31-cf41e041117b}</UniqueIdentifier>
    </Filter>
    <Filter Include="scatterings\distribution">
      <UniqueIdentifier>{13981f17-0247-4870-849d-718d028469a1}</UniqueIdentifier>
    </Filter>
  </ItemGroup>
  <ItemGroup>
    <ClInclude Include="shared\math\vector.hpp">
      <Filter>shared\math</Filter>
    </ClInclude>
    <ClInclude Include="shared\math\vector1.hpp">
      <Filter>shared\math</Filter>
    </ClInclude>
    <ClInclude Include="shared\math\vector2.hpp">
      <Filter>shared\math</Filter>
    </ClInclude>
    <ClInclude Include="shared\math\vector3.hpp">
      <Filter>shared\math</Filter>
    </ClInclude>
    <ClInclude Include="shared\math\vector4.hpp">
      <Filter>shared\math</Filter>
    </ClInclude>
    <ClInclude Include="shared\math\matrix4x4.hpp">
      <Filter>shared\math</Filter>
    </ClInclude>
    <ClInclude Include="shared\math\math.hpp">
      <Filter>shared\math</Filter>
    </ClInclude>
    <ClInclude Include="shared\assert.hpp">
      <Filter>shared</Filter>
    </ClInclude>
    <ClInclude Include="shared\math\detail\vector1.hpp">
      <Filter>shared\math\detail</Filter>
    </ClInclude>
    <ClInclude Include="shared\math\detail\vector2.hpp">
      <Filter>shared\math\detail</Filter>
    </ClInclude>
    <ClInclude Include="shared\math\detail\vector3.hpp">
      <Filter>shared\math\detail</Filter>
    </ClInclude>
    <ClInclude Include="shared\math\detail\vector4.hpp">
      <Filter>shared\math\detail</Filter>
    </ClInclude>
    <ClInclude Include="shared\math\detail\matrix4x4.hpp">
      <Filter>shared\math\detail</Filter>
    </ClInclude>
    <ClInclude Include="shared\math\detail\vector.hpp">
      <Filter>shared\math\detail</Filter>
    </ClInclude>
    <ClInclude Include="shared\random_generator.hpp">
      <Filter>shared</Filter>
    </ClInclude>
    <ClInclude Include="shared\utilities.hpp">
      <Filter>shared</Filter>
    </ClInclude>
    <ClInclude Include="interfaces\noncopyable.hpp">
      <Filter>interfaces</Filter>
    </ClInclude>
    <ClInclude Include="samplers\random_sampler.hpp">
      <Filter>samplers</Filter>
    </ClInclude>
    <ClInclude Include="samplers\detail\random_sampler.hpp">
      <Filter>samplers\detail</Filter>
    </ClInclude>
    <ClInclude Include="shared\ray.hpp">
      <Filter>shared</Filter>
    </ClInclude>
    <ClInclude Include="shared\transform.hpp">
      <Filter>shared</Filter>
    </ClInclude>
    <ClInclude Include="shared\interactions\surface_interaction.hpp">
      <Filter>shared\interactions</Filter>
    </ClInclude>
    <ClInclude Include="filters\box_filter.hpp">
      <Filter>filters</Filter>
    </ClInclude>
    <ClInclude Include="cameras\film.hpp">
      <Filter>cameras</Filter>
    </ClInclude>
    <ClInclude Include="shared\math\bound.hpp">
      <Filter>shared\math</Filter>
    </ClInclude>
    <ClInclude Include="shared\math\detail\bound.hpp">
      <Filter>shared\math\detail</Filter>
    </ClInclude>
    <ClInclude Include="shared\spectrums\coefficient_spectrum.hpp">
      <Filter>shared\spectrums</Filter>
    </ClInclude>
    <ClInclude Include="samplers\samplers.hpp">
      <Filter>samplers</Filter>
    </ClInclude>
    <ClInclude Include="samplers\detail\samplers.hpp">
      <Filter>samplers\detail</Filter>
    </ClInclude>
    <ClInclude Include="filters\filters.hpp">
      <Filter>filters</Filter>
    </ClInclude>
    <ClInclude Include="shared\interactions\interaction.hpp">
      <Filter>shared\interactions</Filter>
    </ClInclude>
    <ClInclude Include="shared\spectrums\detail\coefficient_specturm.hpp">
      <Filter>shared\spectrums\detail</Filter>
    </ClInclude>
    <ClInclude Include="shared\spectrums\color_spectrum.hpp">
      <Filter>shared\spectrums</Filter>
    </ClInclude>
    <ClInclude Include="shared\spectrums\spectrum.hpp">
      <Filter>shared\spectrums</Filter>
    </ClInclude>
    <ClInclude Include="cameras\camera.hpp">
      <Filter>cameras</Filter>
    </ClInclude>
    <ClInclude Include="shared\math\detail\math.hpp">
      <Filter>shared\math\detail</Filter>
    </ClInclude>
    <ClInclude Include="cameras\perspective_camera.hpp">
      <Filter>cameras</Filter>
    </ClInclude>
    <ClInclude Include="scatterings\fresnel_effect.hpp">
      <Filter>scatterings</Filter>
    </ClInclude>
    <ClInclude Include="scatterings\scattering_function.hpp">
      <Filter>scatterings</Filter>
    </ClInclude>
    <ClInclude Include="textures\texture.hpp">
      <Filter>textures</Filter>
    </ClInclude>
    <ClInclude Include="textures\detail\texture.hpp">
      <Filter>textures\detail</Filter>
    </ClInclude>
    <ClInclude Include="materials\material.hpp">
      <Filter>materials</Filter>
    </ClInclude>
    <ClInclude Include="scatterings\scattering_function_collection.hpp">
      <Filter>scatterings</Filter>
    </ClInclude>
    <ClInclude Include="shared\coordinate_system.hpp">
      <Filter>shared</Filter>
    </ClInclude>
    <ClInclude Include="lights\light.hpp">
      <Filter>lights</Filter>
    </ClInclude>
    <ClInclude Include="scenes\scene.hpp">
      <Filter>scenes</Filter>
    </ClInclude>
    <ClInclude Include="integrators\integrator.hpp">
      <Filter>integrators</Filter>
    </ClInclude>
    <ClInclude Include="lights\point_light.hpp">
      <Filter>lights</Filter>
    </ClInclude>
    <ClInclude Include="shared\sample_function.hpp">
      <Filter>shared</Filter>
    </ClInclude>
    <ClInclude Include="scatterings\reflection\lambertian_reflection.hpp">
      <Filter>scatterings\reflection</Filter>
    </ClInclude>
    <ClInclude Include="scatterings\reflection\specular_reflection.hpp">
      <Filter>scatterings\reflection</Filter>
    </ClInclude>
    <ClInclude Include="scatterings\reflection\reflection_function.hpp">
      <Filter>scatterings\reflection</Filter>
    </ClInclude>
    <ClInclude Include="shapes\sphere.hpp">
      <Filter>shapes</Filter>
    </ClInclude>
    <ClInclude Include="shapes\shape.hpp">
      <Filter>shapes</Filter>
    </ClInclude>
    <ClInclude Include="textures\constant_texture.hpp">
      <Filter>textures</Filter>
    </ClInclude>
    <ClInclude Include="textures\detail\constant_texture.hpp">
      <Filter>textures\detail</Filter>
    </ClInclude>
    <ClInclude Include="integrators\whitted_integrator.hpp">
      <Filter>integrators</Filter>
    </ClInclude>
    <ClInclude Include="scatterings\reflection\oren_nayar_reflection.hpp">
      <Filter>scatterings\reflection</Filter>
    </ClInclude>
    <ClInclude Include="materials\matte_material.hpp">
      <Filter>materials</Filter>
    </ClInclude>
    <ClInclude Include="shapes\disk.hpp">
      <Filter>shapes</Filter>
    </ClInclude>
    <ClInclude Include="materials\mirror_material.hpp">
      <Filter>materials</Filter>
    </ClInclude>
    <ClInclude Include="scatterings\distribution\microfacet_distribution.hpp">
      <Filter>scatterings\distribution</Filter>
    </ClInclude>
    <ClInclude Include="scatterings\distribution\trowbridge_reitz_distribution.hpp">
      <Filter>scatterings\distribution</Filter>
    </ClInclude>
    <ClInclude Include="scatterings\reflection\microfacet_reflection.hpp">
      <Filter>scatterings\reflection</Filter>
    </ClInclude>
    <ClInclude Include="materials\plastic_material.hpp">
      <Filter>materials</Filter>
    </ClInclude>
  </ItemGroup>
</Project>