<?xml version="1.0" encoding="utf-8"?>
<Project ToolsVersion="4.0" xmlns="http://schemas.microsoft.com/developer/msbuild/2003">
  <ItemGroup>
    <Filter Include="cameras">
      <UniqueIdentifier>{d9cf283e-fc6d-4afd-909b-7932538eb1ae}</UniqueIdentifier>
    </Filter>
    <Filter Include="emitters">
      <UniqueIdentifier>{3a52af4c-6e4c-4783-8cc2-d6ebb9ab7109}</UniqueIdentifier>
    </Filter>
    <Filter Include="filters">
      <UniqueIdentifier>{5f9c0739-63d4-4adc-a758-b67146e79f81}</UniqueIdentifier>
    </Filter>
    <Filter Include="integrators">
      <UniqueIdentifier>{94ef2016-4d63-491a-a6ab-719792601bad}</UniqueIdentifier>
    </Filter>
    <Filter Include="interfaces">
      <UniqueIdentifier>{14236d90-8f6f-4ea0-bad4-634a33133661}</UniqueIdentifier>
    </Filter>
    <Filter Include="materials">
      <UniqueIdentifier>{a47fb963-0fa4-441d-8e4f-be2568c2c929}</UniqueIdentifier>
    </Filter>
    <Filter Include="rainbow">
      <UniqueIdentifier>{a63f7200-afe8-4cfb-abb4-a15d47332e6b}</UniqueIdentifier>
    </Filter>
    <Filter Include="rainbow\test_scenes">
      <UniqueIdentifier>{d3f29e48-470d-48b8-9a3e-230dcb14e62a}</UniqueIdentifier>
    </Filter>
    <Filter Include="samplers">
      <UniqueIdentifier>{a870238c-e19d-46f9-9e9a-58aacdab5afa}</UniqueIdentifier>
    </Filter>
    <Filter Include="samplers\detail">
      <UniqueIdentifier>{a47a4fa3-a5bd-4a1a-abe4-8a679f94fb16}</UniqueIdentifier>
    </Filter>
    <Filter Include="scatterings">
      <UniqueIdentifier>{9fb3c711-240b-429d-af9d-5363ff0c0f7b}</UniqueIdentifier>
    </Filter>
    <Filter Include="scatterings\distribution">
      <UniqueIdentifier>{d22961f9-bf70-4317-b7c0-de825869af8a}</UniqueIdentifier>
    </Filter>
    <Filter Include="scatterings\reflection">
      <UniqueIdentifier>{3ea9e95d-3fe4-41f1-9606-46ca6566fa1d}</UniqueIdentifier>
    </Filter>
    <Filter Include="scatterings\transmission">
      <UniqueIdentifier>{7072e2a8-9ecf-478d-b4b7-f9a5a7295a24}</UniqueIdentifier>
    </Filter>
    <Filter Include="scenes">
      <UniqueIdentifier>{67cb711f-881a-4c4f-ab1b-d161b88e698a}</UniqueIdentifier>
    </Filter>
    <Filter Include="scenes\detail">
      <UniqueIdentifier>{8832e524-631c-4cb1-b392-d294feedab5d}</UniqueIdentifier>
    </Filter>
    <Filter Include="scenes\loaders">
      <UniqueIdentifier>{5205f654-bc33-47c3-b5aa-c54d4044a19a}</UniqueIdentifier>
    </Filter>
    <Filter Include="shapes">
      <UniqueIdentifier>{d539a64f-a036-4687-bb4c-afab14ac3bf4}</UniqueIdentifier>
    </Filter>
    <Filter Include="shared">
      <UniqueIdentifier>{09476a7d-8dc6-4269-8e01-d03d2f9cb470}</UniqueIdentifier>
    </Filter>
    <Filter Include="shared\accelerators">
      <UniqueIdentifier>{d5c872b3-70bb-403f-abe8-a440147b776e}</UniqueIdentifier>
    </Filter>
    <Filter Include="shared\distributions">
      <UniqueIdentifier>{ff715011-5dc1-4cca-8d71-13ca15e98aed}</UniqueIdentifier>
    </Filter>
    <Filter Include="shared\interactions">
      <UniqueIdentifier>{6589bdbb-32c2-4109-a333-b63ff8a680e0}</UniqueIdentifier>
    </Filter>
    <Filter Include="shared\logs">
      <UniqueIdentifier>{bc5e6f4d-2287-4b65-92ce-8cfae0ae5b57}</UniqueIdentifier>
    </Filter>
    <Filter Include="shared\math">
      <UniqueIdentifier>{88167c82-c226-43dd-91c5-5a6df616f0ec}</UniqueIdentifier>
    </Filter>
    <Filter Include="shared\spectrums">
      <UniqueIdentifier>{414cefc2-7dc8-41be-8be3-f5d3f462d570}</UniqueIdentifier>
    </Filter>
    <Filter Include="shared\distributions\detail">
      <UniqueIdentifier>{770f20cb-5892-48ce-8b00-763decad6126}</UniqueIdentifier>
    </Filter>
    <Filter Include="shared\logs\detail">
      <UniqueIdentifier>{19551f11-fb88-432b-bd68-cb24598baef9}</UniqueIdentifier>
    </Filter>
    <Filter Include="shared\math\detail">
      <UniqueIdentifier>{c6ce7611-42fa-4d2a-98fe-9c6b93529594}</UniqueIdentifier>
    </Filter>
    <Filter Include="shared\spectrums\detail">
      <UniqueIdentifier>{f9c4807b-b2f8-4458-83e8-f61750290551}</UniqueIdentifier>
    </Filter>
    <Filter Include="textures">
      <UniqueIdentifier>{9ee8c862-f149-4bb9-aa4a-40188cd61f5e}</UniqueIdentifier>
    </Filter>
    <Filter Include="textures\detail">
      <UniqueIdentifier>{81f6b170-f5aa-4db1-a52a-83b6b4ca1b32}</UniqueIdentifier>
    </Filter>
  </ItemGroup>
  <ItemGroup>
    <ClCompile Include="cameras\camera.cpp">
      <Filter>cameras</Filter>
    </ClCompile>
    <ClCompile Include="cameras\film.cpp">
      <Filter>cameras</Filter>
    </ClCompile>
    <ClCompile Include="cameras\perspective_camera.cpp">
      <Filter>cameras</Filter>
    </ClCompile>
    <ClCompile Include="emitters\emitter.cpp">
      <Filter>emitters</Filter>
    </ClCompile>
    <ClCompile Include="emitters\environment_light.cpp">
      <Filter>emitters</Filter>
    </ClCompile>
    <ClCompile Include="emitters\point_light.cpp">
      <Filter>emitters</Filter>
    </ClCompile>
    <ClCompile Include="emitters\surface_light.cpp">
      <Filter>emitters</Filter>
    </ClCompile>
    <ClCompile Include="filters\box_filter.cpp">
      <Filter>filters</Filter>
    </ClCompile>
    <ClCompile Include="filters\filters.cpp">
      <Filter>filters</Filter>
    </ClCompile>
    <ClCompile Include="filters\gaussian_filter.cpp">
      <Filter>filters</Filter>
    </ClCompile>
    <ClCompile Include="integrators\integrator.cpp">
      <Filter>integrators</Filter>
    </ClCompile>
    <ClCompile Include="integrators\path_integrator.cpp">
      <Filter>integrators</Filter>
    </ClCompile>
    <ClCompile Include="integrators\sampler_integrator.cpp">
      <Filter>integrators</Filter>
    </ClCompile>
    <ClCompile Include="integrators\whitted_integrator.cpp">
      <Filter>integrators</Filter>
    </ClCompile>
    <ClCompile Include="materials\glass_material.cpp">
      <Filter>materials</Filter>
    </ClCompile>
    <ClCompile Include="materials\material.cpp">
      <Filter>materials</Filter>
    </ClCompile>
    <ClCompile Include="materials\matte_material.cpp">
      <Filter>materials</Filter>
    </ClCompile>
    <ClCompile Include="materials\mirror_material.cpp">
      <Filter>materials</Filter>
    </ClCompile>
    <ClCompile Include="materials\plastic_material.cpp">
      <Filter>materials</Filter>
    </ClCompile>
    <ClCompile Include="scatterings\fresnel_effect.cpp">
      <Filter>scatterings</Filter>
    </ClCompile>
    <ClCompile Include="scatterings\scattering_function.cpp">
      <Filter>scatterings</Filter>
    </ClCompile>
    <ClCompile Include="scatterings\scattering_function_collection.cpp">
      <Filter>scatterings</Filter>
    </ClCompile>
    <ClCompile Include="scatterings\distribution\microfacet_distribution.cpp">
      <Filter>scatterings\distribution</Filter>
    </ClCompile>
    <ClCompile Include="scatterings\distribution\trowbridge_reitz_distribution.cpp">
      <Filter>scatterings\distribution</Filter>
    </ClCompile>
    <ClCompile Include="scatterings\reflection\lambertian_reflection.cpp">
      <Filter>scatterings\reflection</Filter>
    </ClCompile>
    <ClCompile Include="scatterings\reflection\microfacet_reflection.cpp">
      <Filter>scatterings\reflection</Filter>
    </ClCompile>
    <ClCompile Include="scatterings\reflection\oren_nayar_reflection.cpp">
      <Filter>scatterings\reflection</Filter>
    </ClCompile>
    <ClCompile Include="scatterings\reflection\reflection_function.cpp">
      <Filter>scatterings\reflection</Filter>
    </ClCompile>
    <ClCompile Include="scatterings\reflection\specular_reflection.cpp">
      <Filter>scatterings\reflection</Filter>
    </ClCompile>
    <ClCompile Include="scatterings\transmission\lambertian_transmission.cpp">
      <Filter>scatterings\transmission</Filter>
    </ClCompile>
    <ClCompile Include="scatterings\transmission\microfacet_transmission.cpp">
      <Filter>scatterings\transmission</Filter>
    </ClCompile>
    <ClCompile Include="scatterings\transmission\specular_transmission.cpp">
      <Filter>scatterings\transmission</Filter>
    </ClCompile>
    <ClCompile Include="scatterings\transmission\transmission_function.cpp">
      <Filter>scatterings\transmission</Filter>
    </ClCompile>
    <ClCompile Include="scenes\entity.cpp">
      <Filter>scenes</Filter>
    </ClCompile>
    <ClCompile Include="scenes\scene.cpp">
      <Filter>scenes</Filter>
    </ClCompile>
    <ClCompile Include="scenes\loaders\gltf_loader.cpp">
      <Filter>scenes\loaders</Filter>
    </ClCompile>
    <ClCompile Include="shapes\disk.cpp">
      <Filter>shapes</Filter>
    </ClCompile>
    <ClCompile Include="shapes\mesh.cpp">
      <Filter>shapes</Filter>
    </ClCompile>
    <ClCompile Include="shapes\shape.cpp">
      <Filter>shapes</Filter>
    </ClCompile>
    <ClCompile Include="shapes\sphere.cpp">
      <Filter>shapes</Filter>
    </ClCompile>
    <ClCompile Include="shared\accelerators\accelerator.cpp">
      <Filter>shared\accelerators</Filter>
    </ClCompile>
    <ClCompile Include="shared\accelerators\bounding_volume_hierarchy.cpp">
      <Filter>shared\accelerators</Filter>
    </ClCompile>
    <ClCompile Include="shared\interactions\interaction.cpp">
      <Filter>shared\interactions</Filter>
    </ClCompile>
    <ClCompile Include="shared\interactions\surface_interaction.cpp">
      <Filter>shared\interactions</Filter>
    </ClCompile>
    <ClCompile Include="shared\spectrums\color_spectrum.cpp">
      <Filter>shared\spectrums</Filter>
    </ClCompile>
    <ClCompile Include="shared\coordinate_system.cpp">
      <Filter>shared</Filter>
    </ClCompile>
    <ClCompile Include="shared\file_system.cpp">
      <Filter>shared</Filter>
    </ClCompile>
    <ClCompile Include="shared\random_generator.cpp">
      <Filter>shared</Filter>
    </ClCompile>
    <ClCompile Include="shared\ray.cpp">
      <Filter>shared</Filter>
    </ClCompile>
    <ClCompile Include="shared\sample_function.cpp">
      <Filter>shared</Filter>
    </ClCompile>
    <ClCompile Include="shared\transform.cpp">
      <Filter>shared</Filter>
    </ClCompile>
    <ClCompile Include="shared\utilities.cpp">
      <Filter>shared</Filter>
    </ClCompile>
    <ClCompile Include="integrators\direct_integrator.cpp">
      <Filter>integrators</Filter>
    </ClCompile>
    <ClCompile Include="materials\metal_material.cpp">
      <Filter>materials</Filter>
    </ClCompile>
    <ClCompile Include="materials\uber_material.cpp">
      <Filter>materials</Filter>
    </ClCompile>
    <ClCompile Include="materials\substrate_material.cpp">
      <Filter>materials</Filter>
    </ClCompile>
    <ClCompile Include="scatterings\reflection\fresnel_blend_reflection.cpp">
      <Filter>scatterings\reflection</Filter>
    </ClCompile>
  </ItemGroup>
  <ItemGroup>
    <ClInclude Include="cameras\camera.hpp">
      <Filter>cameras</Filter>
    </ClInclude>
    <ClInclude Include="cameras\film.hpp">
      <Filter>cameras</Filter>
    </ClInclude>
    <ClInclude Include="cameras\perspective_camera.hpp">
      <Filter>cameras</Filter>
    </ClInclude>
    <ClInclude Include="emitters\emitter.hpp">
      <Filter>emitters</Filter>
    </ClInclude>
    <ClInclude Include="emitters\environment_light.hpp">
      <Filter>emitters</Filter>
    </ClInclude>
    <ClInclude Include="emitters\point_light.hpp">
      <Filter>emitters</Filter>
    </ClInclude>
    <ClInclude Include="emitters\surface_light.hpp">
      <Filter>emitters</Filter>
    </ClInclude>
    <ClInclude Include="filters\box_filter.hpp">
      <Filter>filters</Filter>
    </ClInclude>
    <ClInclude Include="filters\filters.hpp">
      <Filter>filters</Filter>
    </ClInclude>
    <ClInclude Include="filters\gaussian_filter.hpp">
      <Filter>filters</Filter>
    </ClInclude>
    <ClInclude Include="integrators\integrator.hpp">
      <Filter>integrators</Filter>
    </ClInclude>
    <ClInclude Include="integrators\path_integrator.hpp">
      <Filter>integrators</Filter>
    </ClInclude>
    <ClInclude Include="integrators\sampler_integrator.hpp">
      <Filter>integrators</Filter>
    </ClInclude>
    <ClInclude Include="integrators\whitted_integrator.hpp">
      <Filter>integrators</Filter>
    </ClInclude>
    <ClInclude Include="interfaces\noncopyable.hpp">
      <Filter>interfaces</Filter>
    </ClInclude>
    <ClInclude Include="materials\glass_material.hpp">
      <Filter>materials</Filter>
    </ClInclude>
    <ClInclude Include="materials\material.hpp">
      <Filter>materials</Filter>
    </ClInclude>
    <ClInclude Include="materials\matte_material.hpp">
      <Filter>materials</Filter>
    </ClInclude>
    <ClInclude Include="materials\mirror_material.hpp">
      <Filter>materials</Filter>
    </ClInclude>
    <ClInclude Include="materials\plastic_material.hpp">
      <Filter>materials</Filter>
    </ClInclude>
    <ClInclude Include="rainbow\test_scenes\environment_light_scene.hpp">
      <Filter>rainbow\test_scenes</Filter>
    </ClInclude>
    <ClInclude Include="rainbow\test_scenes\glass_bottle_scene.hpp">
      <Filter>rainbow\test_scenes</Filter>
    </ClInclude>
    <ClInclude Include="rainbow\test_scenes\glass_sphere_scene.hpp">
      <Filter>rainbow\test_scenes</Filter>
    </ClInclude>
    <ClInclude Include="rainbow\test_scenes\microfacet_specular_scene.hpp">
      <Filter>rainbow\test_scenes</Filter>
    </ClInclude>
    <ClInclude Include="samplers\random_sampler.hpp">
      <Filter>samplers</Filter>
    </ClInclude>
    <ClInclude Include="samplers\samplers.hpp">
      <Filter>samplers</Filter>
    </ClInclude>
    <ClInclude Include="samplers\stratified_sampler.hpp">
      <Filter>samplers</Filter>
    </ClInclude>
    <ClInclude Include="samplers\detail\random_sampler.hpp">
      <Filter>samplers\detail</Filter>
    </ClInclude>
    <ClInclude Include="samplers\detail\samplers.hpp">
      <Filter>samplers\detail</Filter>
    </ClInclude>
    <ClInclude Include="samplers\detail\stratified_sampler.hpp">
      <Filter>samplers\detail</Filter>
    </ClInclude>
    <ClInclude Include="scatterings\fresnel_effect.hpp">
      <Filter>scatterings</Filter>
    </ClInclude>
    <ClInclude Include="scatterings\scattering_function.hpp">
      <Filter>scatterings</Filter>
    </ClInclude>
    <ClInclude Include="scatterings\scattering_function_collection.hpp">
      <Filter>scatterings</Filter>
    </ClInclude>
    <ClInclude Include="scatterings\distribution\microfacet_distribution.hpp">
      <Filter>scatterings\distribution</Filter>
    </ClInclude>
    <ClInclude Include="scatterings\distribution\trowbridge_reitz_distribution.hpp">
      <Filter>scatterings\distribution</Filter>
    </ClInclude>
    <ClInclude Include="scatterings\reflection\lambertian_reflection.hpp">
      <Filter>scatterings\reflection</Filter>
    </ClInclude>
    <ClInclude Include="scatterings\reflection\microfacet_reflection.hpp">
      <Filter>scatterings\reflection</Filter>
    </ClInclude>
    <ClInclude Include="scatterings\reflection\oren_nayar_reflection.hpp">
      <Filter>scatterings\reflection</Filter>
    </ClInclude>
    <ClInclude Include="scatterings\reflection\reflection_function.hpp">
      <Filter>scatterings\reflection</Filter>
    </ClInclude>
    <ClInclude Include="scatterings\reflection\specular_reflection.hpp">
      <Filter>scatterings\reflection</Filter>
    </ClInclude>
    <ClInclude Include="scatterings\transmission\lambertian_transmission.hpp">
      <Filter>scatterings\transmission</Filter>
    </ClInclude>
    <ClInclude Include="scatterings\transmission\microfacet_transmission.hpp">
      <Filter>scatterings\transmission</Filter>
    </ClInclude>
    <ClInclude Include="scatterings\transmission\specular_transmission.hpp">
      <Filter>scatterings\transmission</Filter>
    </ClInclude>
    <ClInclude Include="scatterings\transmission\transmission_function.hpp">
      <Filter>scatterings\transmission</Filter>
    </ClInclude>
    <ClInclude Include="scenes\entity.hpp">
      <Filter>scenes</Filter>
    </ClInclude>
    <ClInclude Include="scenes\scene.hpp">
      <Filter>scenes</Filter>
    </ClInclude>
    <ClInclude Include="scenes\detail\entity.hpp">
      <Filter>scenes\detail</Filter>
    </ClInclude>
    <ClInclude Include="scenes\loaders\gltf_loader.hpp">
      <Filter>scenes\loaders</Filter>
    </ClInclude>
    <ClInclude Include="shapes\disk.hpp">
      <Filter>shapes</Filter>
    </ClInclude>
    <ClInclude Include="shapes\mesh.hpp">
      <Filter>shapes</Filter>
    </ClInclude>
    <ClInclude Include="shapes\shape.hpp">
      <Filter>shapes</Filter>
    </ClInclude>
    <ClInclude Include="shapes\sphere.hpp">
      <Filter>shapes</Filter>
    </ClInclude>
    <ClInclude Include="shared\accelerators\accelerator.hpp">
      <Filter>shared\accelerators</Filter>
    </ClInclude>
    <ClInclude Include="shared\accelerators\bounding_volume_hierarchy.hpp">
      <Filter>shared\accelerators</Filter>
    </ClInclude>
    <ClInclude Include="shared\distributions\distribution.hpp">
      <Filter>shared\distributions</Filter>
    </ClInclude>
    <ClInclude Include="shared\distributions\detail\distribution.hpp">
      <Filter>shared\distributions\detail</Filter>
    </ClInclude>
    <ClInclude Include="shared\interactions\interaction.hpp">
      <Filter>shared\interactions</Filter>
    </ClInclude>
    <ClInclude Include="shared\interactions\surface_interaction.hpp">
      <Filter>shared\interactions</Filter>
    </ClInclude>
    <ClInclude Include="shared\logs\log.hpp">
      <Filter>shared\logs</Filter>
    </ClInclude>
    <ClInclude Include="shared\logs\detail\log.hpp">
      <Filter>shared\logs\detail</Filter>
    </ClInclude>
    <ClInclude Include="shared\math\bound.hpp">
      <Filter>shared\math</Filter>
    </ClInclude>
    <ClInclude Include="shared\math\math.hpp">
      <Filter>shared\math</Filter>
    </ClInclude>
    <ClInclude Include="shared\math\matrix4x4.hpp">
      <Filter>shared\math</Filter>
    </ClInclude>
    <ClInclude Include="shared\math\vector.hpp">
      <Filter>shared\math</Filter>
    </ClInclude>
    <ClInclude Include="shared\math\vector1.hpp">
      <Filter>shared\math</Filter>
    </ClInclude>
    <ClInclude Include="shared\math\vector2.hpp">
      <Filter>shared\math</Filter>
    </ClInclude>
    <ClInclude Include="shared\math\vector3.hpp">
      <Filter>shared\math</Filter>
    </ClInclude>
    <ClInclude Include="shared\math\vector4.hpp">
      <Filter>shared\math</Filter>
    </ClInclude>
    <ClInclude Include="shared\math\detail\bound.hpp">
      <Filter>shared\math\detail</Filter>
    </ClInclude>
    <ClInclude Include="shared\math\detail\math.hpp">
      <Filter>shared\math\detail</Filter>
    </ClInclude>
    <ClInclude Include="shared\math\detail\matrix4x4.hpp">
      <Filter>shared\math\detail</Filter>
    </ClInclude>
    <ClInclude Include="shared\math\detail\vector.hpp">
      <Filter>shared\math\detail</Filter>
    </ClInclude>
    <ClInclude Include="shared\math\detail\vector1.hpp">
      <Filter>shared\math\detail</Filter>
    </ClInclude>
    <ClInclude Include="shared\math\detail\vector2.hpp">
      <Filter>shared\math\detail</Filter>
    </ClInclude>
    <ClInclude Include="shared\math\detail\vector3.hpp">
      <Filter>shared\math\detail</Filter>
    </ClInclude>
    <ClInclude Include="shared\math\detail\vector4.hpp">
      <Filter>shared\math\detail</Filter>
    </ClInclude>
    <ClInclude Include="shared\spectrums\coefficient_spectrum.hpp">
      <Filter>shared\spectrums</Filter>
    </ClInclude>
    <ClInclude Include="shared\spectrums\color_spectrum.hpp">
      <Filter>shared\spectrums</Filter>
    </ClInclude>
    <ClInclude Include="shared\spectrums\spectrum.hpp">
      <Filter>shared\spectrums</Filter>
    </ClInclude>
    <ClInclude Include="shared\spectrums\detail\coefficient_specturm.hpp">
      <Filter>shared\spectrums\detail</Filter>
    </ClInclude>
    <ClInclude Include="shared\assert.hpp">
      <Filter>shared</Filter>
    </ClInclude>
    <ClInclude Include="shared\coordinate_system.hpp">
      <Filter>shared</Filter>
    </ClInclude>
    <ClInclude Include="shared\file_system.hpp">
      <Filter>shared</Filter>
    </ClInclude>
    <ClInclude Include="shared\random_generator.hpp">
      <Filter>shared</Filter>
    </ClInclude>
    <ClInclude Include="shared\random_number_generator.hpp">
      <Filter>shared</Filter>
    </ClInclude>
    <ClInclude Include="shared\ray.hpp">
      <Filter>shared</Filter>
    </ClInclude>
    <ClInclude Include="shared\sample_function.hpp">
      <Filter>shared</Filter>
    </ClInclude>
    <ClInclude Include="shared\transform.hpp">
      <Filter>shared</Filter>
    </ClInclude>
    <ClInclude Include="shared\utilities.hpp">
      <Filter>shared</Filter>
    </ClInclude>
    <ClInclude Include="textures\detail\constant_texture.hpp">
      <Filter>textures\detail</Filter>
    </ClInclude>
    <ClInclude Include="textures\detail\image_texture.hpp">
      <Filter>textures\detail</Filter>
    </ClInclude>
    <ClInclude Include="textures\detail\texture.hpp">
      <Filter>textures\detail</Filter>
    </ClInclude>
    <ClInclude Include="textures\constant_texture.hpp">
      <Filter>textures</Filter>
    </ClInclude>
    <ClInclude Include="textures\image_texture.hpp">
      <Filter>textures</Filter>
    </ClInclude>
    <ClInclude Include="textures\texture.hpp">
      <Filter>textures</Filter>
    </ClInclude>
    <ClInclude Include="shared\spectrums\cie_samples.hpp">
      <Filter>shared\spectrums</Filter>
    </ClInclude>
    <ClInclude Include="integrators\direct_integrator.hpp">
      <Filter>integrators</Filter>
    </ClInclude>
    <ClInclude Include="materials\metal_material.hpp">
      <Filter>materials</Filter>
    </ClInclude>
    <ClInclude Include="materials\uber_material.hpp">
      <Filter>materials</Filter>
    </ClInclude>
    <ClInclude Include="materials\substrate_material.hpp">
      <Filter>materials</Filter>
    </ClInclude>
    <ClInclude Include="scatterings\reflection\fresnel_blend_reflection.hpp">
      <Filter>scatterings\reflection</Filter>
    </ClInclude>
  </ItemGroup>
</Project>